
Microsoft Visual Studio Solution File, Format Version 12.00
# Visual Studio Version 16
VisualStudioVersion = 16.0.29709.97
MinimumVisualStudioVersion = 10.0.40219.1
Project("{9A19103F-16F7-4668-BE54-9A1E7A4F7556}") = "WebApplication1", "WebApplication1\WebApplication1.csproj", "{9AAE3213-D71F-4210-9EB4-408F3CAF422E}"
EndProject
Project("{FAE04EC0-301F-11D3-BF4B-00C04F79EFBC}") = "WebApplication1.WebApi", "WebApplication1.WebApi\WebApplication1.WebApi.csproj", "{05175997-E20D-4E49-A7DC-5314671666C5}"
EndProject
Project("{FAE04EC0-301F-11D3-BF4B-00C04F79EFBC}") = "WebApplication1.Model", "WebApplication1.Model\WebApplication1.Model.csproj", "{207A319E-4339-41AE-9751-E102ED9EEE71}"
EndProject
Global
	GlobalSection(SolutionConfigurationPlatforms) = preSolution
		Debug|Any CPU = Debug|Any CPU
		Release|Any CPU = Release|Any CPU
	EndGlobalSection
	GlobalSection(ProjectConfigurationPlatforms) = postSolution
		{9AAE3213-D71F-4210-9EB4-408F3CAF422E}.Debug|Any CPU.ActiveCfg = Debug|Any CPU
		{9AAE3213-D71F-4210-9EB4-408F3CAF422E}.Debug|Any CPU.Build.0 = Debug|Any CPU
		{9AAE3213-D71F-4210-9EB4-408F3CAF422E}.Release|Any CPU.ActiveCfg = Release|Any CPU
		{9AAE3213-D71F-4210-9EB4-408F3CAF422E}.Release|Any CPU.Build.0 = Release|Any CPU
		{05175997-E20D-4E49-A7DC-5314671666C5}.Debug|Any CPU.ActiveCfg = Debug|Any CPU
		{05175997-E20D-4E49-A7DC-5314671666C5}.Debug|Any CPU.Build.0 = Debug|Any CPU
		{05175997-E20D-4E49-A7DC-5314671666C5}.Release|Any CPU.ActiveCfg = Release|Any CPU
		{05175997-E20D-4E49-A7DC-5314671666C5}.Release|Any CPU.Build.0 = Release|Any CPU
		{207A319E-4339-41AE-9751-E102ED9EEE71}.Debug|Any CPU.ActiveCfg = Debug|Any CPU
		{207A319E-4339-41AE-9751-E102ED9EEE71}.Debug|Any CPU.Build.0 = Debug|Any CPU
		{207A319E-4339-41AE-9751-E102ED9EEE71}.Release|Any CPU.ActiveCfg = Release|Any CPU
		{207A319E-4339-41AE-9751-E102ED9EEE71}.Release|Any CPU.Build.0 = Release|Any CPU
	EndGlobalSection
	GlobalSection(SolutionProperties) = preSolution
		HideSolutionNode = FALSE
	EndGlobalSection
	GlobalSection(ExtensibilityGlobals) = postSolution
		SolutionGuid = {97201754-E1A0-49A4-9AB2-06967198D70A}
	EndGlobalSection
EndGlobal
